
Microsoft Visual Studio Solution File, Format Version 12.00
# Visual Studio Version 17
VisualStudioVersion = 17.7.34031.279
MinimumVisualStudioVersion = 10.0.40219.1
Project("{FAE04EC0-301F-11D3-BF4B-00C04F79EFBC}") = "ApiCatalago", "ApiCatalago\ApiCatalago.csproj", "{78900712-8155-4B37-B138-3072CCE8105F}"
EndProject
Global
	GlobalSection(SolutionConfigurationPlatforms) = preSolution
		Debug|Any CPU = Debug|Any CPU
		Release|Any CPU = Release|Any CPU
	EndGlobalSection
	GlobalSection(ProjectConfigurationPlatforms) = postSolution
		{78900712-8155-4B37-B138-3072CCE8105F}.Debug|Any CPU.ActiveCfg = Debug|Any CPU
		{78900712-8155-4B37-B138-3072CCE8105F}.Debug|Any CPU.Build.0 = Debug|Any CPU
		{78900712-8155-4B37-B138-3072CCE8105F}.Release|Any CPU.ActiveCfg = Release|Any CPU
		{78900712-8155-4B37-B138-3072CCE8105F}.Release|Any CPU.Build.0 = Release|Any CPU
	EndGlobalSection
	GlobalSection(SolutionProperties) = preSolution
		HideSolutionNode = FALSE
	EndGlobalSection
	GlobalSection(ExtensibilityGlobals) = postSolution
		SolutionGuid = {1018403B-8C18-4C37-B68E-A7FCC480B776}
	EndGlobalSection
EndGlobal
